
Microsoft Visual Studio Solution File, Format Version 12.00
# Visual Studio Version 17
VisualStudioVersion = 17.5.002.0
MinimumVisualStudioVersion = 10.0.40219.1
Project("{9A19103F-16F7-4668-BE54-9A1E7A4F7556}") = "team-cmd-ers-backend", "team-cmd-ers-backend.csproj", "{24EADB37-BA99-4CDC-8F75-BB56425A6432}"
EndProject
Global
	GlobalSection(SolutionConfigurationPlatforms) = preSolution
		Debug|Any CPU = Debug|Any CPU
		Release|Any CPU = Release|Any CPU
	EndGlobalSection
	GlobalSection(ProjectConfigurationPlatforms) = postSolution
		{24EADB37-BA99-4CDC-8F75-BB56425A6432}.Debug|Any CPU.ActiveCfg = Debug|Any CPU
		{24EADB37-BA99-4CDC-8F75-BB56425A6432}.Debug|Any CPU.Build.0 = Debug|Any CPU
		{24EADB37-BA99-4CDC-8F75-BB56425A6432}.Release|Any CPU.ActiveCfg = Release|Any CPU
		{24EADB37-BA99-4CDC-8F75-BB56425A6432}.Release|Any CPU.Build.0 = Release|Any CPU
	EndGlobalSection
	GlobalSection(SolutionProperties) = preSolution
		HideSolutionNode = FALSE
	EndGlobalSection
	GlobalSection(ExtensibilityGlobals) = postSolution
		SolutionGuid = {7607127E-4C7A-4022-A1BE-EDC5DD3978C7}
	EndGlobalSection
EndGlobal
